
Microsoft Visual Studio Solution File, Format Version 12.00
# Visual Studio Version 17
VisualStudioVersion = 17.6.33829.357
MinimumVisualStudioVersion = 10.0.40219.1
Project("{FAE04EC0-301F-11D3-BF4B-00C04F79EFBC}") = "CW1_13664", "CW1_13664\CW1_13664.csproj", "{403F5351-6A5C-4DB2-BC17-235836A73124}"
EndProject
Project("{FAE04EC0-301F-11D3-BF4B-00C04F79EFBC}") = "DSCC_MVC_13664", "DSCC_MVC_13664\DSCC_MVC_13664.csproj", "{36264B71-6331-4A92-BCBD-F4D8A9AA4AA5}"
EndProject
Global
	GlobalSection(SolutionConfigurationPlatforms) = preSolution
		Debug|Any CPU = Debug|Any CPU
		Release|Any CPU = Release|Any CPU
	EndGlobalSection
	GlobalSection(ProjectConfigurationPlatforms) = postSolution
		{403F5351-6A5C-4DB2-BC17-235836A73124}.Debug|Any CPU.ActiveCfg = Debug|Any CPU
		{403F5351-6A5C-4DB2-BC17-235836A73124}.Debug|Any CPU.Build.0 = Debug|Any CPU
		{403F5351-6A5C-4DB2-BC17-235836A73124}.Release|Any CPU.ActiveCfg = Release|Any CPU
		{403F5351-6A5C-4DB2-BC17-235836A73124}.Release|Any CPU.Build.0 = Release|Any CPU
		{36264B71-6331-4A92-BCBD-F4D8A9AA4AA5}.Debug|Any CPU.ActiveCfg = Debug|Any CPU
		{36264B71-6331-4A92-BCBD-F4D8A9AA4AA5}.Debug|Any CPU.Build.0 = Debug|Any CPU
		{36264B71-6331-4A92-BCBD-F4D8A9AA4AA5}.Release|Any CPU.ActiveCfg = Release|Any CPU
		{36264B71-6331-4A92-BCBD-F4D8A9AA4AA5}.Release|Any CPU.Build.0 = Release|Any CPU
	EndGlobalSection
	GlobalSection(SolutionProperties) = preSolution
		HideSolutionNode = FALSE
	EndGlobalSection
	GlobalSection(ExtensibilityGlobals) = postSolution
		SolutionGuid = {E9834D94-988C-48F6-B06B-742629F5B19B}
	EndGlobalSection
EndGlobal
